
Microsoft Visual Studio Solution File, Format Version 12.00
# Visual Studio Version 16
VisualStudioVersion = 16.0.32002.261
MinimumVisualStudioVersion = 10.0.40219.1
Project("{FAE04EC0-301F-11D3-BF4B-00C04F79EFBC}") = "WinformGetJsonMaybay", "WinformGetJsonMaybay\WinformGetJsonMaybay.csproj", "{0002FFF7-407A-46F1-A303-39AAF0C559A7}"
EndProject
Global
	GlobalSection(SolutionConfigurationPlatforms) = preSolution
		Debug|Any CPU = Debug|Any CPU
		Release|Any CPU = Release|Any CPU
	EndGlobalSection
	GlobalSection(ProjectConfigurationPlatforms) = postSolution
		{0002FFF7-407A-46F1-A303-39AAF0C559A7}.Debug|Any CPU.ActiveCfg = Debug|Any CPU
		{0002FFF7-407A-46F1-A303-39AAF0C559A7}.Debug|Any CPU.Build.0 = Debug|Any CPU
		{0002FFF7-407A-46F1-A303-39AAF0C559A7}.Release|Any CPU.ActiveCfg = Release|Any CPU
		{0002FFF7-407A-46F1-A303-39AAF0C559A7}.Release|Any CPU.Build.0 = Release|Any CPU
	EndGlobalSection
	GlobalSection(SolutionProperties) = preSolution
		HideSolutionNode = FALSE
	EndGlobalSection
	GlobalSection(ExtensibilityGlobals) = postSolution
		SolutionGuid = {CCE9EFC3-5DBD-4263-8D96-C8F545B6D9BA}
	EndGlobalSection
EndGlobal
